<?xml version="1.0" encoding="utf-8"?>
<Project ToolsVersion="4.0" xmlns="http://schemas.microsoft.com/developer/msbuild/2003">
  <ItemGroup>
    <ClCompile Include="BaseScheduled.cpp">
      <Filter>Source Files</Filter>
    </ClCompile>
    <ClCompile Include="BaseUnscheduled.cpp">
      <Filter>Source Files</Filter>
    </ClCompile>
    <ClCompile Include="Operators.cpp">
      <Filter>Source Files</Filter>
    </ClCompile>
    <ClCompile Include="Program.cpp">
      <Filter>Source Files</Filter>
    </ClCompile>
    <ClCompile Include="ScheduledProgram.cpp">
      <Filter>Source Files</Filter>
    </ClCompile>
    <ClCompile Include="ProgramManager.cpp" />
    <ClCompile Include="WeekPlan.cpp">
      <Filter>Source Files</Filter>
    </ClCompile>
    <ClCompile Include="DayPlan.cpp">
      <Filter>Source Files</Filter>
    </ClCompile>
  </ItemGroup>
  <ItemGroup>
    <ClInclude Include="ScheduledProgram.h">
      <Filter>Header Files</Filter>
    </ClInclude>
    <ClInclude Include="Program.h">
      <Filter>Header Files</Filter>
    </ClInclude>
    <ClInclude Include="BaseUnscheduled.h">
      <Filter>Header Files</Filter>
    </ClInclude>
    <ClInclude Include="BaseScheduled.h">
      <Filter>Header Files</Filter>
    </ClInclude>
    <ClInclude Include="DayPlan.h">
      <Filter>Header Files</Filter>
    </ClInclude>
    <ClInclude Include="ProgramManager.h" />
    <ClInclude Include="WeekPlan.h">
      <Filter>Header Files</Filter>
    </ClInclude>
  </ItemGroup>
  <ItemGroup>
    <None Include="Example.csv" />
  </ItemGroup>
  <ItemGroup>
    <Filter Include="Header Files">
      <UniqueIdentifier>{0c2f9654-d4db-46b4-afbc-bb9afd5ace6d}</UniqueIdentifier>
    </Filter>
    <Filter Include="Source Files">
      <UniqueIdentifier>{b3aefcae-84cb-48be-8e83-f57d46c705e1}</UniqueIdentifier>
    </Filter>
  </ItemGroup>
</Project>